
Microsoft Visual Studio Solution File, Format Version 12.00
# Visual Studio Version 17
VisualStudioVersion = 17.7.34221.43
MinimumVisualStudioVersion = 10.0.40219.1
Project("{8BC9CEB8-8B4A-11D0-8D11-00A0C91BC942}") = "Tetris", "Tetris\Tetris.vcxproj", "{1E5927F1-0CF7-40ED-9E25-411CE4BA639C}"
EndProject
Global
	GlobalSection(SolutionConfigurationPlatforms) = preSolution
		Debug|x64 = Debug|x64
		Debug|x86 = Debug|x86
		Release|x64 = Release|x64
		Release|x86 = Release|x86
	EndGlobalSection
	GlobalSection(ProjectConfigurationPlatforms) = postSolution
		{1E5927F1-0CF7-40ED-9E25-411CE4BA639C}.Debug|x64.ActiveCfg = Debug|x64
		{1E5927F1-0CF7-40ED-9E25-411CE4BA639C}.Debug|x64.Build.0 = Debug|x64
		{1E5927F1-0CF7-40ED-9E25-411CE4BA639C}.Debug|x86.ActiveCfg = Debug|Win32
		{1E5927F1-0CF7-40ED-9E25-411CE4BA639C}.Debug|x86.Build.0 = Debug|Win32
		{1E5927F1-0CF7-40ED-9E25-411CE4BA639C}.Release|x64.ActiveCfg = Release|x64
		{1E5927F1-0CF7-40ED-9E25-411CE4BA639C}.Release|x64.Build.0 = Release|x64
		{1E5927F1-0CF7-40ED-9E25-411CE4BA639C}.Release|x86.ActiveCfg = Release|Win32
		{1E5927F1-0CF7-40ED-9E25-411CE4BA639C}.Release|x86.Build.0 = Release|Win32
	EndGlobalSection
	GlobalSection(SolutionProperties) = preSolution
		HideSolutionNode = FALSE
	EndGlobalSection
	GlobalSection(ExtensibilityGlobals) = postSolution
		SolutionGuid = {D9CE77A4-0B82-43A9-8ADF-F7CA0482797C}
	EndGlobalSection
EndGlobal
